
Microsoft Visual Studio Solution File, Format Version 12.00
# Visual Studio 15
Project("{FAE04EC0-301F-11D3-BF4B-00C04F79EFBC}") = "DialARide.Android", "DialARide.Android\DialARide.Android.csproj", "{7D4DE4D5-0A8B-4E6E-91E9-F1259B236CF2}"
EndProject
Project("{FAE04EC0-301F-11D3-BF4B-00C04F79EFBC}") = "DialARide.iOS", "DialARide.iOS\DialARide.iOS.csproj", "{5A4A543B-D736-414B-ADA7-0760691FC703}"
EndProject
Project("{FAE04EC0-301F-11D3-BF4B-00C04F79EFBC}") = "DialARide", "DialARide\DialARide.csproj", "{BD29AAA3-6FA1-4FBF-A1B1-D7BBCEFEC32F}"
EndProject
Global
	GlobalSection(SolutionConfigurationPlatforms) = preSolution
		Debug|Any CPU = Debug|Any CPU
		Release|Any CPU = Release|Any CPU
		Debug|iPhoneSimulator = Debug|iPhoneSimulator
		Release|iPhoneSimulator = Release|iPhoneSimulator
		Debug|iPhone = Debug|iPhone
		Release|iPhone = Release|iPhone
	EndGlobalSection
	GlobalSection(ProjectConfigurationPlatforms) = postSolution
		{7D4DE4D5-0A8B-4E6E-91E9-F1259B236CF2}.Debug|Any CPU.ActiveCfg = Debug|Any CPU
		{7D4DE4D5-0A8B-4E6E-91E9-F1259B236CF2}.Debug|Any CPU.Build.0 = Debug|Any CPU
		{7D4DE4D5-0A8B-4E6E-91E9-F1259B236CF2}.Release|Any CPU.ActiveCfg = Release|Any CPU
		{7D4DE4D5-0A8B-4E6E-91E9-F1259B236CF2}.Release|Any CPU.Build.0 = Release|Any CPU
		{7D4DE4D5-0A8B-4E6E-91E9-F1259B236CF2}.Debug|iPhoneSimulator.ActiveCfg = Debug|Any CPU
		{7D4DE4D5-0A8B-4E6E-91E9-F1259B236CF2}.Debug|iPhoneSimulator.Build.0 = Debug|Any CPU
		{7D4DE4D5-0A8B-4E6E-91E9-F1259B236CF2}.Release|iPhoneSimulator.ActiveCfg = Release|Any CPU
		{7D4DE4D5-0A8B-4E6E-91E9-F1259B236CF2}.Release|iPhoneSimulator.Build.0 = Release|Any CPU
		{7D4DE4D5-0A8B-4E6E-91E9-F1259B236CF2}.Debug|iPhone.ActiveCfg = Debug|Any CPU
		{7D4DE4D5-0A8B-4E6E-91E9-F1259B236CF2}.Debug|iPhone.Build.0 = Debug|Any CPU
		{7D4DE4D5-0A8B-4E6E-91E9-F1259B236CF2}.Release|iPhone.ActiveCfg = Release|Any CPU
		{7D4DE4D5-0A8B-4E6E-91E9-F1259B236CF2}.Release|iPhone.Build.0 = Release|Any CPU
		{5A4A543B-D736-414B-ADA7-0760691FC703}.Debug|Any CPU.ActiveCfg = Debug|iPhoneSimulator
		{5A4A543B-D736-414B-ADA7-0760691FC703}.Debug|Any CPU.Build.0 = Debug|iPhoneSimulator
		{5A4A543B-D736-414B-ADA7-0760691FC703}.Release|Any CPU.ActiveCfg = Release|iPhoneSimulator
		{5A4A543B-D736-414B-ADA7-0760691FC703}.Release|Any CPU.Build.0 = Release|iPhoneSimulator
		{5A4A543B-D736-414B-ADA7-0760691FC703}.Debug|iPhoneSimulator.ActiveCfg = Debug|iPhoneSimulator
		{5A4A543B-D736-414B-ADA7-0760691FC703}.Debug|iPhoneSimulator.Build.0 = Debug|iPhoneSimulator
		{5A4A543B-D736-414B-ADA7-0760691FC703}.Release|iPhoneSimulator.ActiveCfg = Release|iPhoneSimulator
		{5A4A543B-D736-414B-ADA7-0760691FC703}.Release|iPhoneSimulator.Build.0 = Release|iPhoneSimulator
		{5A4A543B-D736-414B-ADA7-0760691FC703}.Debug|iPhone.ActiveCfg = Debug|iPhone
		{5A4A543B-D736-414B-ADA7-0760691FC703}.Debug|iPhone.Build.0 = Debug|iPhone
		{5A4A543B-D736-414B-ADA7-0760691FC703}.Release|iPhone.ActiveCfg = Release|iPhone
		{5A4A543B-D736-414B-ADA7-0760691FC703}.Release|iPhone.Build.0 = Release|iPhone
		{BD29AAA3-6FA1-4FBF-A1B1-D7BBCEFEC32F}.Debug|Any CPU.ActiveCfg = Debug|Any CPU
		{BD29AAA3-6FA1-4FBF-A1B1-D7BBCEFEC32F}.Debug|Any CPU.Build.0 = Debug|Any CPU
		{BD29AAA3-6FA1-4FBF-A1B1-D7BBCEFEC32F}.Release|Any CPU.ActiveCfg = Release|Any CPU
		{BD29AAA3-6FA1-4FBF-A1B1-D7BBCEFEC32F}.Release|Any CPU.Build.0 = Release|Any CPU
		{BD29AAA3-6FA1-4FBF-A1B1-D7BBCEFEC32F}.Debug|iPhoneSimulator.ActiveCfg = Debug|Any CPU
		{BD29AAA3-6FA1-4FBF-A1B1-D7BBCEFEC32F}.Debug|iPhoneSimulator.Build.0 = Debug|Any CPU
		{BD29AAA3-6FA1-4FBF-A1B1-D7BBCEFEC32F}.Release|iPhoneSimulator.ActiveCfg = Release|Any CPU
		{BD29AAA3-6FA1-4FBF-A1B1-D7BBCEFEC32F}.Release|iPhoneSimulator.Build.0 = Release|Any CPU
		{BD29AAA3-6FA1-4FBF-A1B1-D7BBCEFEC32F}.Debug|iPhone.ActiveCfg = Debug|Any CPU
		{BD29AAA3-6FA1-4FBF-A1B1-D7BBCEFEC32F}.Debug|iPhone.Build.0 = Debug|Any CPU
		{BD29AAA3-6FA1-4FBF-A1B1-D7BBCEFEC32F}.Release|iPhone.ActiveCfg = Release|Any CPU
		{BD29AAA3-6FA1-4FBF-A1B1-D7BBCEFEC32F}.Release|iPhone.Build.0 = Release|Any CPU
	EndGlobalSection
EndGlobal
